
Microsoft Visual Studio Solution File, Format Version 12.00
# Visual Studio 2013
VisualStudioVersion = 12.0.31101.0
MinimumVisualStudioVersion = 10.0.40219.1
Project("{FAE04EC0-301F-11D3-BF4B-00C04F79EFBC}") = "Heroic.Web.IoC", "Heroic.Web.IoC\Heroic.Web.IoC.csproj", "{467F081A-829C-4C98-B7C7-E6008D08EA96}"
EndProject
Project("{FAE04EC0-301F-11D3-BF4B-00C04F79EFBC}") = "Heroic.AutoMapper", "Heroic.AutoMapper\Heroic.AutoMapper.csproj", "{5D2D8F7A-C449-4787-807C-EDE3CADE2A9A}"
EndProject
Global
	GlobalSection(SolutionConfigurationPlatforms) = preSolution
		Debug|Any CPU = Debug|Any CPU
		Release|Any CPU = Release|Any CPU
	EndGlobalSection
	GlobalSection(ProjectConfigurationPlatforms) = postSolution
		{467F081A-829C-4C98-B7C7-E6008D08EA96}.Debug|Any CPU.ActiveCfg = Debug|Any CPU
		{467F081A-829C-4C98-B7C7-E6008D08EA96}.Debug|Any CPU.Build.0 = Debug|Any CPU
		{467F081A-829C-4C98-B7C7-E6008D08EA96}.Release|Any CPU.ActiveCfg = Release|Any CPU
		{467F081A-829C-4C98-B7C7-E6008D08EA96}.Release|Any CPU.Build.0 = Release|Any CPU
		{5D2D8F7A-C449-4787-807C-EDE3CADE2A9A}.Debug|Any CPU.ActiveCfg = Debug|Any CPU
		{5D2D8F7A-C449-4787-807C-EDE3CADE2A9A}.Debug|Any CPU.Build.0 = Debug|Any CPU
		{5D2D8F7A-C449-4787-807C-EDE3CADE2A9A}.Release|Any CPU.ActiveCfg = Release|Any CPU
		{5D2D8F7A-C449-4787-807C-EDE3CADE2A9A}.Release|Any CPU.Build.0 = Release|Any CPU
	EndGlobalSection
	GlobalSection(SolutionProperties) = preSolution
		HideSolutionNode = FALSE
	EndGlobalSection
EndGlobal
